
Microsoft Visual Studio Solution File, Format Version 12.00
# Visual Studio 14
VisualStudioVersion = 14.0.25123.0
MinimumVisualStudioVersion = 10.0.40219.1
Project("{FAE04EC0-301F-11D3-BF4B-00C04F79EFBC}") = "CodeStory", "..\CodeStory\CodeStory.csproj", "{6EDEF371-1E77-4139-8BC7-8F84E21C2398}"
EndProject
Project("{FAE04EC0-301F-11D3-BF4B-00C04F79EFBC}") = "SchoolFete", "SchoolFete\SchoolFete.csproj", "{B3BCCA7B-E396-4668-AF2D-8D63898E9258}"
EndProject
Project("{2150E333-8FDC-42A3-9474-1A3956D46DE8}") = "PublishScripts", "PublishScripts", "{241CABFB-1FC8-4DA5-A48F-CFF1C3DC9DE3}"
EndProject
Project("{2150E333-8FDC-42A3-9474-1A3956D46DE8}") = "Scripts", "Scripts", "{499DF8CA-456F-4644-B36F-F9ABA978A3C4}"
	ProjectSection(SolutionItems) = preProject
		PublishScripts\Scripts\Deploy-AzureResourceGroup.ps1 = PublishScripts\Scripts\Deploy-AzureResourceGroup.ps1
	EndProjectSection
EndProject
Project("{2150E333-8FDC-42A3-9474-1A3956D46DE8}") = "Templates", "Templates", "{99A7E46A-53DC-431C-AE28-6E493B065CF0}"
	ProjectSection(SolutionItems) = preProject
		PublishScripts\Templates\SchoolFete.json = PublishScripts\Templates\SchoolFete.json
		PublishScripts\Templates\SchoolFete.param.dev.json = PublishScripts\Templates\SchoolFete.param.dev.json
	EndProjectSection
EndProject
Global
	GlobalSection(SolutionConfigurationPlatforms) = preSolution
		Debug|Any CPU = Debug|Any CPU
		Release|Any CPU = Release|Any CPU
	EndGlobalSection
	GlobalSection(ProjectConfigurationPlatforms) = postSolution
		{6EDEF371-1E77-4139-8BC7-8F84E21C2398}.Debug|Any CPU.ActiveCfg = Debug|Any CPU
		{6EDEF371-1E77-4139-8BC7-8F84E21C2398}.Debug|Any CPU.Build.0 = Debug|Any CPU
		{6EDEF371-1E77-4139-8BC7-8F84E21C2398}.Release|Any CPU.ActiveCfg = Release|Any CPU
		{6EDEF371-1E77-4139-8BC7-8F84E21C2398}.Release|Any CPU.Build.0 = Release|Any CPU
		{B3BCCA7B-E396-4668-AF2D-8D63898E9258}.Debug|Any CPU.ActiveCfg = Debug|Any CPU
		{B3BCCA7B-E396-4668-AF2D-8D63898E9258}.Debug|Any CPU.Build.0 = Debug|Any CPU
		{B3BCCA7B-E396-4668-AF2D-8D63898E9258}.Release|Any CPU.ActiveCfg = Release|Any CPU
		{B3BCCA7B-E396-4668-AF2D-8D63898E9258}.Release|Any CPU.Build.0 = Release|Any CPU
	EndGlobalSection
	GlobalSection(SolutionProperties) = preSolution
		HideSolutionNode = FALSE
	EndGlobalSection
	GlobalSection(NestedProjects) = preSolution
		{499DF8CA-456F-4644-B36F-F9ABA978A3C4} = {241CABFB-1FC8-4DA5-A48F-CFF1C3DC9DE3}
		{99A7E46A-53DC-431C-AE28-6E493B065CF0} = {241CABFB-1FC8-4DA5-A48F-CFF1C3DC9DE3}
	EndGlobalSection
EndGlobal
